
Microsoft Visual Studio Solution File, Format Version 12.00
# Visual Studio 15
VisualStudioVersion = 15.0.28307.757
MinimumVisualStudioVersion = 10.0.40219.1
Project("{8BC9CEB8-8B4A-11D0-8D11-00A0C91BC942}") = "npp_context_repro", "npp_context_repro.vcxproj", "{0F1D3126-1ED8-4B9B-BC70-855850AA4785}"
EndProject
Global
	GlobalSection(SolutionConfigurationPlatforms) = preSolution
		Debug|x64 = Debug|x64
		Release|x64 = Release|x64
	EndGlobalSection
	GlobalSection(ProjectConfigurationPlatforms) = postSolution
		{0F1D3126-1ED8-4B9B-BC70-855850AA4785}.Debug|x64.ActiveCfg = Debug|x64
		{0F1D3126-1ED8-4B9B-BC70-855850AA4785}.Debug|x64.Build.0 = Debug|x64
		{0F1D3126-1ED8-4B9B-BC70-855850AA4785}.Release|x64.ActiveCfg = Release|x64
		{0F1D3126-1ED8-4B9B-BC70-855850AA4785}.Release|x64.Build.0 = Release|x64
	EndGlobalSection
	GlobalSection(SolutionProperties) = preSolution
		HideSolutionNode = FALSE
	EndGlobalSection
	GlobalSection(ExtensibilityGlobals) = postSolution
		SolutionGuid = {C552627A-DAD7-42DD-9167-C76DA72012EF}
	EndGlobalSection
EndGlobal
